
Microsoft Visual Studio Solution File, Format Version 12.00
# Visual Studio 15
VisualStudioVersion = 15.0.28010.2048
MinimumVisualStudioVersion = 10.0.40219.1
Project("{FAE04EC0-301F-11D3-BF4B-00C04F79EFBC}") = "NetCoreAuthUsuario", "NetCoreAuthUsuario\NetCoreAuthUsuario.csproj", "{EAEC2F4E-971C-4382-8950-8499471AC980}"
EndProject
Global
	GlobalSection(SolutionConfigurationPlatforms) = preSolution
		Debug|Any CPU = Debug|Any CPU
		Release|Any CPU = Release|Any CPU
	EndGlobalSection
	GlobalSection(ProjectConfigurationPlatforms) = postSolution
		{EAEC2F4E-971C-4382-8950-8499471AC980}.Debug|Any CPU.ActiveCfg = Debug|Any CPU
		{EAEC2F4E-971C-4382-8950-8499471AC980}.Debug|Any CPU.Build.0 = Debug|Any CPU
		{EAEC2F4E-971C-4382-8950-8499471AC980}.Release|Any CPU.ActiveCfg = Release|Any CPU
		{EAEC2F4E-971C-4382-8950-8499471AC980}.Release|Any CPU.Build.0 = Release|Any CPU
	EndGlobalSection
	GlobalSection(SolutionProperties) = preSolution
		HideSolutionNode = FALSE
	EndGlobalSection
	GlobalSection(ExtensibilityGlobals) = postSolution
		SolutionGuid = {A7E933BC-DA9C-4767-8C68-B65AE69429F9}
	EndGlobalSection
EndGlobal
